GEM
  remote: https://rubygems.org/
  specs:
    json (2.21.2)
    rake (13.4.2)
    ruby2d (1.0.0)

PLATFORMS
  ruby
  x86_64-linux

DEPENDENCIES
  json (~> 2.0)
  rake (~> 13.0)
  ruby2d (~> 1.0)

CHECKSUMS
  bundler (4.0.20) sha256=7978a8ac648767f5e635bc522445b79e80a52b907a39a36c2d8085ed6bc762ae
  json (2.21.2) sha256=1f1d3b7cf2b3ba1a69beca0bb6db13d5438b80bff3cd54cdaaa620b9b07c1c6a
  rake (13.4.2) sha256=cb825b2bd5f1f8e91ca37bddb4b9aaf345551b4731da62949be002fa89283701
  ruby2d (1.0.0) sha256=60d389a7b439df943d7274c3257c7e74c2cb08c25086032d0b0e51cdef7b188a

BUNDLED WITH
  4.0.20
